
Microsoft Visual Studio Solution File, Format Version 12.00
# Visual Studio 15
Project("{FAE04EC0-301F-11D3-BF4B-00C04F79EFBC}") = "Assembly-CSharp", "Assembly-CSharp.csproj", "{05BFCBAE-9E7F-2FB9-167B-1C3A037B3097}"
EndProject
Project("{FAE04EC0-301F-11D3-BF4B-00C04F79EFBC}") = "Assembly-CSharp-Editor", "Assembly-CSharp-Editor.csproj", "{026D0157-2DCE-1B0D-DBC5-6F7A4B3D0190}"
EndProject
Global
	GlobalSection(SolutionConfigurationPlatforms) = preSolution
		Debug|Any CPU = Debug|Any CPU
		Release|Any CPU = Release|Any CPU
	EndGlobalSection
	GlobalSection(ProjectConfigurationPlatforms) = postSolution
		{05BFCBAE-9E7F-2FB9-167B-1C3A037B3097}.Debug|Any CPU.ActiveCfg = Debug|Any CPU
		{05BFCBAE-9E7F-2FB9-167B-1C3A037B3097}.Debug|Any CPU.Build.0 = Debug|Any CPU
		{05BFCBAE-9E7F-2FB9-167B-1C3A037B3097}.Release|Any CPU.ActiveCfg = Release|Any CPU
		{05BFCBAE-9E7F-2FB9-167B-1C3A037B3097}.Release|Any CPU.Build.0 = Release|Any CPU
		{026D0157-2DCE-1B0D-DBC5-6F7A4B3D0190}.Debug|Any CPU.ActiveCfg = Debug|Any CPU
		{026D0157-2DCE-1B0D-DBC5-6F7A4B3D0190}.Debug|Any CPU.Build.0 = Debug|Any CPU
		{026D0157-2DCE-1B0D-DBC5-6F7A4B3D0190}.Release|Any CPU.ActiveCfg = Release|Any CPU
		{026D0157-2DCE-1B0D-DBC5-6F7A4B3D0190}.Release|Any CPU.Build.0 = Release|Any CPU
	EndGlobalSection
	GlobalSection(SolutionProperties) = preSolution
		HideSolutionNode = FALSE
	EndGlobalSection
EndGlobal
